<?xml version="1.0" encoding="utf-8"?>
<Project ToolsVersion="4.0" xmlns="http://schemas.microsoft.com/developer/msbuild/2003">
  <ItemGroup>
    <Filter Include="源文件">
      <UniqueIdentifier>{4FC737F1-C7A5-4376-A066-2A32D752A2FF}</UniqueIdentifier>
      <Extensions>cpp;c;cc;cxx;def;odl;idl;hpj;bat;asm;asmx</Extensions>
    </Filter>
    <Filter Include="头文件">
      <UniqueIdentifier>{93995380-89BD-4b04-88EB-625FBE52EBFB}</UniqueIdentifier>
      <Extensions>h;hh;hpp;hxx;hm;inl;inc;ipp;xsd</Extensions>
    </Filter>
    <Filter Include="资源文件">
      <UniqueIdentifier>{67DA6AB6-F800-4c08-8B7A-83BB121AAD01}</UniqueIdentifier>
      <Extensions>rc;ico;cur;bmp;dlg;rc2;rct;bin;rgs;gif;jpg;jpeg;jpe;resx;tiff;tif;png;wav;mfcribbon-ms</Extensions>
    </Filter>
    <Filter Include="源文件\traps">
      <UniqueIdentifier>{4ba1bca2-3bfe-41f9-ba76-650c51ead47d}</UniqueIdentifier>
    </Filter>
  </ItemGroup>
  <ItemGroup>
    <ClInclude Include="image.h">
      <Filter>头文件</Filter>
    </ClInclude>
    <ClInclude Include="mm.h">
      <Filter>头文件</Filter>
    </ClInclude>
    <ClInclude Include="pe.h">
      <Filter>头文件</Filter>
    </ClInclude>
    <ClInclude Include="trap.h">
      <Filter>头文件</Filter>
    </ClInclude>
  </ItemGroup>
  <ItemGroup>
    <ClCompile Include="image.cpp">
      <Filter>源文件</Filter>
    </ClCompile>
    <ClCompile Include="mm.cpp">
      <Filter>源文件</Filter>
    </ClCompile>
    <ClCompile Include="pe.cpp">
      <Filter>源文件</Filter>
    </ClCompile>
  </ItemGroup>
  <ItemGroup>
    <MASM Include="traps\GetModuleFileNameA.asm">
      <Filter>源文件\traps</Filter>
    </MASM>
    <MASM Include="traps\GetModuleFileNameW.asm">
      <Filter>源文件\traps</Filter>
    </MASM>
    <MASM Include="traps\GetModuleHandleA.asm">
      <Filter>源文件\traps</Filter>
    </MASM>
    <MASM Include="traps\GetModuleHandleW.asm">
      <Filter>源文件\traps</Filter>
    </MASM>
    <MASM Include="traps\GetProcAddress.asm">
      <Filter>源文件\traps</Filter>
    </MASM>
  </ItemGroup>
  <ItemGroup>
    <None Include="traps\trap.inc">
      <Filter>源文件\traps</Filter>
    </None>
  </ItemGroup>
</Project>